
Microsoft Visual Studio Solution File, Format Version 12.00
# Visual Studio Version 17
VisualStudioVersion = 17.10.35122.118
MinimumVisualStudioVersion = 10.0.40219.1
Project("{9A19103F-16F7-4668-BE54-9A1E7A4F7556}") = "WebApp", "WebApp\WebApp.csproj", "{06DDC972-A3AC-4B5D-90CE-DFA61C52AE02}"
EndProject
Project("{9A19103F-16F7-4668-BE54-9A1E7A4F7556}") = "AuthenticationService", "AuthenticationService\AuthenticationService.csproj", "{15E77E6C-7CCB-4EC4-9D3D-521A7DA803D8}"
EndProject
Global
	GlobalSection(SolutionConfigurationPlatforms) = preSolution
		Debug|Any CPU = Debug|Any CPU
		Release|Any CPU = Release|Any CPU
	EndGlobalSection
	GlobalSection(ProjectConfigurationPlatforms) = postSolution
		{06DDC972-A3AC-4B5D-90CE-DFA61C52AE02}.Debug|Any CPU.ActiveCfg = Debug|Any CPU
		{06DDC972-A3AC-4B5D-90CE-DFA61C52AE02}.Debug|Any CPU.Build.0 = Debug|Any CPU
		{06DDC972-A3AC-4B5D-90CE-DFA61C52AE02}.Release|Any CPU.ActiveCfg = Release|Any CPU
		{06DDC972-A3AC-4B5D-90CE-DFA61C52AE02}.Release|Any CPU.Build.0 = Release|Any CPU
		{15E77E6C-7CCB-4EC4-9D3D-521A7DA803D8}.Debug|Any CPU.ActiveCfg = Debug|Any CPU
		{15E77E6C-7CCB-4EC4-9D3D-521A7DA803D8}.Debug|Any CPU.Build.0 = Debug|Any CPU
		{15E77E6C-7CCB-4EC4-9D3D-521A7DA803D8}.Release|Any CPU.ActiveCfg = Release|Any CPU
		{15E77E6C-7CCB-4EC4-9D3D-521A7DA803D8}.Release|Any CPU.Build.0 = Release|Any CPU
	EndGlobalSection
	GlobalSection(SolutionProperties) = preSolution
		HideSolutionNode = FALSE
	EndGlobalSection
	GlobalSection(ExtensibilityGlobals) = postSolution
		SolutionGuid = {B259BAA8-8F2A-491D-B1EC-71A0D4F38950}
	EndGlobalSection
EndGlobal
